PODS:
  - Flutter (1.0.0)
  - opus (0.0.1):
    - Flutter
  - pcm (0.0.1):
    - Flutter

DEPENDENCIES:
  - Flutter (from `Flutter`)
  - opus (from `.symlinks/plugins/opus/ios`)
  - pcm (from `.symlinks/plugins/pcm/ios`)

EXTERNAL SOURCES:
  Flutter:
    :path: Flutter
  opus:
    :path: ".symlinks/plugins/opus/ios"
  pcm:
    :path: ".symlinks/plugins/pcm/ios"

SPEC CHECKSUMS:
  Flutter: e0871f40cf51350855a761d2e70bf5af5b9b5de7
  opus: 3f304219ca1d8fe7b9bd85c5a058cf4d1137d5ce
  pcm: c7f785e74401c051ffc82ae1a7d9c379ab117482

PODFILE CHECKSUM: 819463e6a0290f5a72f145ba7cde16e8b6ef0796

COCOAPODS: 1.16.2
